{
  "object": {
    "pins": [
      {
        "package": "SSNetwork",
        "repositoryURL": "https://gitee.com/ztgtut/SSNetwork.git",
        "state": {
          "branch": null,
          "revision": "f8cda3b880c8eba8943ccbeb18ac660e1f950aca",
          "version": "1.0.0"
        }
      }
    ]
  },
  "version": 1
}
